
Microsoft Visual Studio Solution File, Format Version 12.00
# Visual Studio Version 16
VisualStudioVersion = 16.0.32630.194
MinimumVisualStudioVersion = 10.0.40219.1
Project("{FAE04EC0-301F-11D3-BF4B-00C04F79EFBC}") = "Calculadora_TesteUnitario", "Calculadora_TesteUnitario\Calculadora_TesteUnitario.csproj", "{C0BB8B1D-0B87-4951-94B2-0F67E0B5DC7F}"
EndProject
Project("{FAE04EC0-301F-11D3-BF4B-00C04F79EFBC}") = "Calculadora.Teste", "Calculadora.Teste\Calculadora.Teste.csproj", "{92DAFE20-ECF6-4B62-81C1-6D8B60D31A57}"
EndProject
Global
	GlobalSection(SolutionConfigurationPlatforms) = preSolution
		Debug|Any CPU = Debug|Any CPU
		Release|Any CPU = Release|Any CPU
	EndGlobalSection
	GlobalSection(ProjectConfigurationPlatforms) = postSolution
		{C0BB8B1D-0B87-4951-94B2-0F67E0B5DC7F}.Debug|Any CPU.ActiveCfg = Debug|Any CPU
		{C0BB8B1D-0B87-4951-94B2-0F67E0B5DC7F}.Debug|Any CPU.Build.0 = Debug|Any CPU
		{C0BB8B1D-0B87-4951-94B2-0F67E0B5DC7F}.Release|Any CPU.ActiveCfg = Release|Any CPU
		{C0BB8B1D-0B87-4951-94B2-0F67E0B5DC7F}.Release|Any CPU.Build.0 = Release|Any CPU
		{92DAFE20-ECF6-4B62-81C1-6D8B60D31A57}.Debug|Any CPU.ActiveCfg = Debug|Any CPU
		{92DAFE20-ECF6-4B62-81C1-6D8B60D31A57}.Debug|Any CPU.Build.0 = Debug|Any CPU
		{92DAFE20-ECF6-4B62-81C1-6D8B60D31A57}.Release|Any CPU.ActiveCfg = Release|Any CPU
		{92DAFE20-ECF6-4B62-81C1-6D8B60D31A57}.Release|Any CPU.Build.0 = Release|Any CPU
	EndGlobalSection
	GlobalSection(SolutionProperties) = preSolution
		HideSolutionNode = FALSE
	EndGlobalSection
	GlobalSection(ExtensibilityGlobals) = postSolution
		SolutionGuid = {5E593A3E-7897-4E56-9EFC-FE24C66E8D8F}
	EndGlobalSection
EndGlobal
